
Microsoft Visual Studio Solution File, Format Version 12.00
# Visual Studio Version 16
VisualStudioVersion = 16.0.29424.173
MinimumVisualStudioVersion = 10.0.40219.1
Project("{2150E333-8FDC-42A3-9474-1A3956D46DE8}") = "Solution Items", "Solution Items", "{090129C9-B26F-43C1-8429-647071FB6E03}"
	ProjectSection(SolutionItems) = preProject
		Dockerfile.dev = Dockerfile.dev
	EndProjectSection
EndProject
Project("{9A19103F-16F7-4668-BE54-9A1E7A4F7556}") = "API", "API\API.csproj", "{D5342630-B64C-49A5-BC43-261DC99B6E3B}"
EndProject
Project("{FAE04EC0-301F-11D3-BF4B-00C04F79EFBC}") = "API.Tests.Integration", "API.Tests.Integration\API.Tests.Integration.csproj", "{200F7788-8F5A-4E23-B2BA-3DB5D26D1DCA}"
EndProject
Global
	GlobalSection(SolutionConfigurationPlatforms) = preSolution
		Debug|Any CPU = Debug|Any CPU
		Release|Any CPU = Release|Any CPU
	EndGlobalSection
	GlobalSection(ProjectConfigurationPlatforms) = postSolution
		{D5342630-B64C-49A5-BC43-261DC99B6E3B}.Debug|Any CPU.ActiveCfg = Debug|Any CPU
		{D5342630-B64C-49A5-BC43-261DC99B6E3B}.Debug|Any CPU.Build.0 = Debug|Any CPU
		{D5342630-B64C-49A5-BC43-261DC99B6E3B}.Release|Any CPU.ActiveCfg = Release|Any CPU
		{D5342630-B64C-49A5-BC43-261DC99B6E3B}.Release|Any CPU.Build.0 = Release|Any CPU
		{200F7788-8F5A-4E23-B2BA-3DB5D26D1DCA}.Debug|Any CPU.ActiveCfg = Debug|Any CPU
		{200F7788-8F5A-4E23-B2BA-3DB5D26D1DCA}.Debug|Any CPU.Build.0 = Debug|Any CPU
		{200F7788-8F5A-4E23-B2BA-3DB5D26D1DCA}.Release|Any CPU.ActiveCfg = Release|Any CPU
		{200F7788-8F5A-4E23-B2BA-3DB5D26D1DCA}.Release|Any CPU.Build.0 = Release|Any CPU
	EndGlobalSection
	GlobalSection(SolutionProperties) = preSolution
		HideSolutionNode = FALSE
	EndGlobalSection
	GlobalSection(ExtensibilityGlobals) = postSolution
		SolutionGuid = {CF1D6E41-95C6-4EC0-9E1C-DC780144282E}
	EndGlobalSection
EndGlobal
